
Microsoft Visual Studio Solution File, Format Version 12.00
# Visual Studio Version 17
VisualStudioVersion = 17.13.35931.197
MinimumVisualStudioVersion = 10.0.40219.1
Project("{FAE04EC0-301F-11D3-BF4B-00C04F79EFBC}") = "MusicAtoutV1_Savio", "MusicAtoutV1_Savio\MusicAtoutV1_Savio.csproj", "{A6AF7B91-DF10-4062-957D-DBE10D79459A}"
EndProject
Project("{2150E333-8FDC-42A3-9474-1A3956D46DE8}") = "Éléments de solution", "Éléments de solution", "{9C8CB701-102D-CF49-A3E0-89AC09D42C2C}"
	ProjectSection(SolutionItems) = preProject
		folle-journee.jpg = folle-journee.jpg
	EndProjectSection
EndProject
Global
	GlobalSection(SolutionConfigurationPlatforms) = preSolution
		Debug|Any CPU = Debug|Any CPU
		Release|Any CPU = Release|Any CPU
	EndGlobalSection
	GlobalSection(ProjectConfigurationPlatforms) = postSolution
		{A6AF7B91-DF10-4062-957D-DBE10D79459A}.Debug|Any CPU.ActiveCfg = Debug|Any CPU
		{A6AF7B91-DF10-4062-957D-DBE10D79459A}.Debug|Any CPU.Build.0 = Debug|Any CPU
		{A6AF7B91-DF10-4062-957D-DBE10D79459A}.Release|Any CPU.ActiveCfg = Release|Any CPU
		{A6AF7B91-DF10-4062-957D-DBE10D79459A}.Release|Any CPU.Build.0 = Release|Any CPU
	EndGlobalSection
	GlobalSection(SolutionProperties) = preSolution
		HideSolutionNode = FALSE
	EndGlobalSection
	GlobalSection(ExtensibilityGlobals) = postSolution
		SolutionGuid = {2C17759C-B5C8-4CAE-A2F5-C3EE0FD3354B}
	EndGlobalSection
EndGlobal
